
Microsoft Visual Studio Solution File, Format Version 12.00
# Visual Studio Version 17
VisualStudioVersion = 17.10.35027.167
MinimumVisualStudioVersion = 10.0.40219.1
Project("{FAE04EC0-301F-11D3-BF4B-00C04F79EFBC}") = "Algorithm", "Algorithm\Algorithm.csproj", "{3F923A04-4397-4C1C-BAC7-8B6B6B7F01BA}"
EndProject
Project("{FAE04EC0-301F-11D3-BF4B-00C04F79EFBC}") = "Exercise", "Exercise\Exercise.csproj", "{19E43409-A1C6-45AC-A784-346D9664CBF8}"
EndProject
Project("{FAE04EC0-301F-11D3-BF4B-00C04F79EFBC}") = "PriorityQueue", "PriorityQueue\PriorityQueue.csproj", "{2F975AA8-C7B5-4BAE-A942-D2304E1D8EA9}"
EndProject
Global
	GlobalSection(SolutionConfigurationPlatforms) = preSolution
		Debug|Any CPU = Debug|Any CPU
		Release|Any CPU = Release|Any CPU
	EndGlobalSection
	GlobalSection(ProjectConfigurationPlatforms) = postSolution
		{3F923A04-4397-4C1C-BAC7-8B6B6B7F01BA}.Debug|Any CPU.ActiveCfg = Debug|Any CPU
		{3F923A04-4397-4C1C-BAC7-8B6B6B7F01BA}.Debug|Any CPU.Build.0 = Debug|Any CPU
		{3F923A04-4397-4C1C-BAC7-8B6B6B7F01BA}.Release|Any CPU.ActiveCfg = Release|Any CPU
		{3F923A04-4397-4C1C-BAC7-8B6B6B7F01BA}.Release|Any CPU.Build.0 = Release|Any CPU
		{19E43409-A1C6-45AC-A784-346D9664CBF8}.Debug|Any CPU.ActiveCfg = Debug|Any CPU
		{19E43409-A1C6-45AC-A784-346D9664CBF8}.Debug|Any CPU.Build.0 = Debug|Any CPU
		{19E43409-A1C6-45AC-A784-346D9664CBF8}.Release|Any CPU.ActiveCfg = Release|Any CPU
		{19E43409-A1C6-45AC-A784-346D9664CBF8}.Release|Any CPU.Build.0 = Release|Any CPU
		{2F975AA8-C7B5-4BAE-A942-D2304E1D8EA9}.Debug|Any CPU.ActiveCfg = Debug|Any CPU
		{2F975AA8-C7B5-4BAE-A942-D2304E1D8EA9}.Debug|Any CPU.Build.0 = Debug|Any CPU
		{2F975AA8-C7B5-4BAE-A942-D2304E1D8EA9}.Release|Any CPU.ActiveCfg = Release|Any CPU
		{2F975AA8-C7B5-4BAE-A942-D2304E1D8EA9}.Release|Any CPU.Build.0 = Release|Any CPU
	EndGlobalSection
	GlobalSection(SolutionProperties) = preSolution
		HideSolutionNode = FALSE
	EndGlobalSection
	GlobalSection(ExtensibilityGlobals) = postSolution
		SolutionGuid = {0697E85F-38B1-4067-863D-26CA977942B7}
	EndGlobalSection
EndGlobal
